
Microsoft Visual Studio Solution File, Format Version 12.00
# Visual Studio 2013
VisualStudioVersion = 12.0.21005.1
MinimumVisualStudioVersion = 10.0.40219.1
Project("{FAE04EC0-301F-11D3-BF4B-00C04F79EFBC}") = "client", "client\client.csproj", "{0DAFCDA7-2675-47DC-A7E8-7B11484C069A}"
EndProject
Global
	GlobalSection(SolutionConfigurationPlatforms) = preSolution
		Debug|Any CPU = Debug|Any CPU
		Release|Any CPU = Release|Any CPU
	EndGlobalSection
	GlobalSection(ProjectConfigurationPlatforms) = postSolution
		{0DAFCDA7-2675-47DC-A7E8-7B11484C069A}.Debug|Any CPU.ActiveCfg = Debug|Any CPU
		{0DAFCDA7-2675-47DC-A7E8-7B11484C069A}.Debug|Any CPU.Build.0 = Debug|Any CPU
		{0DAFCDA7-2675-47DC-A7E8-7B11484C069A}.Release|Any CPU.ActiveCfg = Release|Any CPU
		{0DAFCDA7-2675-47DC-A7E8-7B11484C069A}.Release|Any CPU.Build.0 = Release|Any CPU
	EndGlobalSection
	GlobalSection(SolutionProperties) = preSolution
		HideSolutionNode = FALSE
	EndGlobalSection
EndGlobal
